
Microsoft Visual Studio Solution File, Format Version 12.00
# Visual Studio Version 17
VisualStudioVersion = 17.7.34221.43
MinimumVisualStudioVersion = 10.0.40219.1
Project("{9A19103F-16F7-4668-BE54-9A1E7A4F7556}") = "WinFormsTransaction", "WinFormsTransaction\WinFormsTransaction.csproj", "{2E3EB3D8-8143-4070-9B92-FF34C7A81F02}"
EndProject
Project("{FAE04EC0-301F-11D3-BF4B-00C04F79EFBC}") = "CL_Transaction", "CL_Transaction\CL_Transaction.csproj", "{2AE4F479-695D-416A-B299-C715B8CA108F}"
EndProject
Project("{FAE04EC0-301F-11D3-BF4B-00C04F79EFBC}") = "CL_VerifTransaction", "CL_VerifTransaction\CL_VerifTransaction.csproj", "{E94B3CAA-110C-46A4-BF5F-0D17F769E580}"
EndProject
Global
	GlobalSection(SolutionConfigurationPlatforms) = preSolution
		Debug|Any CPU = Debug|Any CPU
		Release|Any CPU = Release|Any CPU
	EndGlobalSection
	GlobalSection(ProjectConfigurationPlatforms) = postSolution
		{2E3EB3D8-8143-4070-9B92-FF34C7A81F02}.Debug|Any CPU.ActiveCfg = Debug|Any CPU
		{2E3EB3D8-8143-4070-9B92-FF34C7A81F02}.Debug|Any CPU.Build.0 = Debug|Any CPU
		{2E3EB3D8-8143-4070-9B92-FF34C7A81F02}.Release|Any CPU.ActiveCfg = Release|Any CPU
		{2E3EB3D8-8143-4070-9B92-FF34C7A81F02}.Release|Any CPU.Build.0 = Release|Any CPU
		{2AE4F479-695D-416A-B299-C715B8CA108F}.Debug|Any CPU.ActiveCfg = Debug|Any CPU
		{2AE4F479-695D-416A-B299-C715B8CA108F}.Debug|Any CPU.Build.0 = Debug|Any CPU
		{2AE4F479-695D-416A-B299-C715B8CA108F}.Release|Any CPU.ActiveCfg = Release|Any CPU
		{2AE4F479-695D-416A-B299-C715B8CA108F}.Release|Any CPU.Build.0 = Release|Any CPU
		{E94B3CAA-110C-46A4-BF5F-0D17F769E580}.Debug|Any CPU.ActiveCfg = Debug|Any CPU
		{E94B3CAA-110C-46A4-BF5F-0D17F769E580}.Debug|Any CPU.Build.0 = Debug|Any CPU
		{E94B3CAA-110C-46A4-BF5F-0D17F769E580}.Release|Any CPU.ActiveCfg = Release|Any CPU
		{E94B3CAA-110C-46A4-BF5F-0D17F769E580}.Release|Any CPU.Build.0 = Release|Any CPU
	EndGlobalSection
	GlobalSection(SolutionProperties) = preSolution
		HideSolutionNode = FALSE
	EndGlobalSection
	GlobalSection(ExtensibilityGlobals) = postSolution
		SolutionGuid = {E7831C87-71CC-40D6-BB77-0909667B5A89}
	EndGlobalSection
EndGlobal
