
Microsoft Visual Studio Solution File, Format Version 12.00
# Visual Studio Version 17
VisualStudioVersion = 17.7.34221.43
MinimumVisualStudioVersion = 10.0.40219.1
Project("{9A19103F-16F7-4668-BE54-9A1E7A4F7556}") = "WinFormsAppCountriesList", "WinFormsAppCountriesList\WinFormsAppCountriesList.csproj", "{72D87EA0-D959-4768-89CD-BA4FF4749DC1}"
EndProject
Project("{FAE04EC0-301F-11D3-BF4B-00C04F79EFBC}") = "CL_CheckButtons", "CL_CheckButtons\CL_CheckButtons.csproj", "{2C55EF95-54F8-4DB0-ABFC-16CEB49D04CF}"
EndProject
Global
	GlobalSection(SolutionConfigurationPlatforms) = preSolution
		Debug|Any CPU = Debug|Any CPU
		Release|Any CPU = Release|Any CPU
	EndGlobalSection
	GlobalSection(ProjectConfigurationPlatforms) = postSolution
		{72D87EA0-D959-4768-89CD-BA4FF4749DC1}.Debug|Any CPU.ActiveCfg = Debug|Any CPU
		{72D87EA0-D959-4768-89CD-BA4FF4749DC1}.Debug|Any CPU.Build.0 = Debug|Any CPU
		{72D87EA0-D959-4768-89CD-BA4FF4749DC1}.Release|Any CPU.ActiveCfg = Release|Any CPU
		{72D87EA0-D959-4768-89CD-BA4FF4749DC1}.Release|Any CPU.Build.0 = Release|Any CPU
		{2C55EF95-54F8-4DB0-ABFC-16CEB49D04CF}.Debug|Any CPU.ActiveCfg = Debug|Any CPU
		{2C55EF95-54F8-4DB0-ABFC-16CEB49D04CF}.Debug|Any CPU.Build.0 = Debug|Any CPU
		{2C55EF95-54F8-4DB0-ABFC-16CEB49D04CF}.Release|Any CPU.ActiveCfg = Release|Any CPU
		{2C55EF95-54F8-4DB0-ABFC-16CEB49D04CF}.Release|Any CPU.Build.0 = Release|Any CPU
	EndGlobalSection
	GlobalSection(SolutionProperties) = preSolution
		HideSolutionNode = FALSE
	EndGlobalSection
	GlobalSection(ExtensibilityGlobals) = postSolution
		SolutionGuid = {822E17B3-C5C5-49FB-962B-5D649979676A}
	EndGlobalSection
EndGlobal
